
Microsoft Visual Studio Solution File, Format Version 12.00
# Visual Studio Version 16
VisualStudioVersion = 16.0.30225.117
MinimumVisualStudioVersion = 10.0.40219.1
Project("{FAE04EC0-301F-11D3-BF4B-00C04F79EFBC}") = "Asuma", "Asuma.csproj", "{1952E34A-001D-49F9-BDA4-7A28A41026A2}"
EndProject
Global
	GlobalSection(SolutionConfigurationPlatforms) = preSolution
		Debug|Any CPU = Debug|Any CPU
		Release|Any CPU = Release|Any CPU
	EndGlobalSection
	GlobalSection(ProjectConfigurationPlatforms) = postSolution
		{1952E34A-001D-49F9-BDA4-7A28A41026A2}.Debug|Any CPU.ActiveCfg = Debug|Any CPU
		{1952E34A-001D-49F9-BDA4-7A28A41026A2}.Debug|Any CPU.Build.0 = Debug|Any CPU
		{1952E34A-001D-49F9-BDA4-7A28A41026A2}.Release|Any CPU.ActiveCfg = Release|Any CPU
		{1952E34A-001D-49F9-BDA4-7A28A41026A2}.Release|Any CPU.Build.0 = Release|Any CPU
	EndGlobalSection
	GlobalSection(SolutionProperties) = preSolution
		HideSolutionNode = FALSE
	EndGlobalSection
	GlobalSection(ExtensibilityGlobals) = postSolution
		SolutionGuid = {CA18EB40-C00A-4458-8539-816B57A0EE17}
	EndGlobalSection
EndGlobal
